// !$*UTF8*$!
{
	archiveVersion = 1;
	classes = {
	};
	objectVersion = 55;
	objects = {

/* Begin PBXBuildFile section */
		CCFF33CD280086EA00A413C0 /* AppDelegate.swift in Sources */ = {isa = PBXBuildFile; fileRef = CCFF33CC280086EA00A413C0 /* AppDelegate.swift */; };
		CCFF33CF280086EA00A413C0 /* SceneDelegate.swift in Sources */ = {isa = PBXBuildFile; fileRef = CCFF33CE280086EA00A413C0 /* SceneDelegate.swift */; };
		CCFF33D1280086EA00A413C0 /* ViewController.swift in Sources */ = {isa = PBXBuildFile; fileRef = CCFF33D0280086EA00A413C0 /* ViewController.swift */; };
		CCFF33D4280086EA00A413C0 /* Main.storyboard in Resources */ = {isa = PBXBuildFile; fileRef = CCFF33D2280086EA00A413C0 /* Main.storyboard */; };
		CCFF33D6280086EF00A413C0 /* Assets.xcassets in Resources */ = {isa = PBXBuildFile; fileRef = CCFF33D5280086EF00A413C0 /* Assets.xcassets */; };
		CCFF33D9280086EF00A413C0 /* LaunchScreen.storyboard in Resources */ = {isa = PBXBuildFile; fileRef = CCFF33D7280086EF00A413C0 /* LaunchScreen.storyboard */; };
		CCFF33E228009FFC00A413C0 /* CardViewController.swift in Sources */ = {isa = PBXBuildFile; fileRef = CCFF33E028009FFC00A413C0 /* CardViewController.swift */; };
		CCFF33E328009FFC00A413C0 /* CardViewController.xib in Resources */ = {isa = PBXBuildFile; fileRef = CCFF33E128009FFC00A413C0 /* CardViewController.xib */; };
/* End PBXBuildFile section */

/* Begin PBXFileReference section */
		CCFF33C9280086EA00A413C0 /* AnimationaHW.app */ = {isa = PBXFileReference; explicitFileType = wrapper.application; includeInIndex = 0; path = AnimationaHW.app; sourceTree = BUILT_PRODUCTS_DIR; };
		CCFF33CC280086EA00A413C0 /* AppDelegate.swift */ = {isa = PBXFileReference; lastKnownFileType = sourcecode.swift; path = AppDelegate.swift; sourceTree = "<group>"; };
		CCFF33CE280086EA00A413C0 /* SceneDelegate.swift */ = {isa = PBXFileReference; lastKnownFileType = sourcecode.swift; path = SceneDelegate.swift; sourceTree = "<group>"; };
		CCFF33D0280086EA00A413C0 /* ViewController.swift */ = {isa = PBXFileReference; lastKnownFileType = sourcecode.swift; path = ViewController.swift; sourceTree = "<group>"; };
		CCFF33D3280086EA00A413C0 /* Base */ = {isa = PBXFileReference; lastKnownFileType = file.storyboard; name = Base; path = Base.lproj/Main.storyboard; sourceTree = "<group>"; };
		CCFF33D5280086EF00A413C0 /* Assets.xcassets */ = {isa = PBXFileReference; lastKnownFileType = folder.assetcatalog; path = Assets.xcassets; sourceTree = "<group>"; };
		CCFF33D8280086EF00A413C0 /* Base */ = {isa = PBXFileReference; lastKnownFileType = file.storyboard; name = Base; path = Base.lproj/LaunchScreen.storyboard; sourceTree = "<group>"; };
		CCFF33DA280086EF00A413C0 /* Info.plist */ = {isa = PBXFileReference; lastKnownFileType = text.plist.xml; path = Info.plist; sourceTree = "<group>"; };
		CCFF33E028009FFC00A413C0 /* CardViewController.swift */ = {isa = PBXFileReference; lastKnownFileType = sourcecode.swift; path = CardViewController.swift; sourceTree = "<group>"; };
		CCFF33E128009FFC00A413C0 /* CardViewController.xib */ = {isa = PBXFileReference; lastKnownFileType = file.xib; path = CardViewController.xib; sourceTree = "<group>"; };
/* End PBXFileReference section */

/* Begin PBXFrameworksBuildPhase section */
		CCFF33C6280086EA00A413C0 /* Frameworks */ = {
			isa = PBXFrameworksBuildPhase;
			buildActionMask = 2147483647;
			files = (
			);
			runOnlyForDeploymentPostprocessing = 0;
		};
/* End PBXFrameworksBuildPhase section */

/* Begin PBXGroup section */
		CCFF33C0280086EA00A413C0 = {
			isa = PBXGroup;
			children = (
				CCFF33CB280086EA00A413C0 /* AnimationaHW */,
				CCFF33CA280086EA00A413C0 /* Products */,
			);
			sourceTree = "<group>";
		};
		CCFF33CA280086EA00A413C0 /* Products */ = {
			isa = PBXGroup;
			children = (
				CCFF33C9280086EA00A413C0 /* AnimationaHW.app */,
			);
			name = Products;
			sourceTree = "<group>";
		};
		CCFF33CB280086EA00A413C0 /* AnimationaHW */ = {
			isa = PBXGroup;
			children = (
				CCFF33CC280086EA00A413C0 /* AppDelegate.swift */,
				CCFF33CE280086EA00A413C0 /* SceneDelegate.swift */,
				CCFF33D0280086EA00A413C0 /* ViewController.swift */,
				CCFF33D2280086EA00A413C0 /* Main.storyboard */,
				CCFF33D5280086EF00A413C0 /* Assets.xcassets */,
				CCFF33D7280086EF00A413C0 /* LaunchScreen.storyboard */,
				CCFF33DA280086EF00A413C0 /* Info.plist */,
				CCFF33E028009FFC00A413C0 /* CardViewController.swift */,
				CCFF33E128009FFC00A413C0 /* CardViewController.xib */,
			);
			path = AnimationaHW;
			sourceTree = "<group>";
		};
/* End PBXGroup section */

/* Begin PBXNativeTarget section */
		CCFF33C8280086EA00A413C0 /* AnimationaHW */ = {
			isa = PBXNativeTarget;
			buildConfigurationList = CCFF33DD280086EF00A413C0 /* Build configuration list for PBXNativeTarget "AnimationaHW" */;
			buildPhases = (
				CCFF33C5280086EA00A413C0 /* Sources */,
				CCFF33C6280086EA00A413C0 /* Frameworks */,
				CCFF33C7280086EA00A413C0 /* Resources */,
			);
			buildRules = (
			);
			dependencies = (
			);
			name = AnimationaHW;
			productName = AnimationaHW;
			productReference = CCFF33C9280086EA00A413C0 /* AnimationaHW.app */;
			productType = "com.apple.product-type.application";
		};
/* End PBXNativeTarget section */

/* Begin PBXProject section */
		CCFF33C1280086EA00A413C0 /* Project object */ = {
			isa = PBXProject;
			attributes = {
				BuildIndependentTargetsInParallel = 1;
				LastSwiftUpdateCheck = 1320;
				LastUpgradeCheck = 1320;
				TargetAttributes = {
					CCFF33C8280086EA00A413C0 = {
						CreatedOnToolsVersion = 13.2.1;
					};
				};
			};
			buildConfigurationList = CCFF33C4280086EA00A413C0 /* Build configuration list for PBXProject "AnimationaHW" */;
			compatibilityVersion = "Xcode 13.0";
			developmentRegion = en;
			hasScannedForEncodings = 0;
			knownRegions = (
				en,
				Base,
			);
			mainGroup = CCFF33C0280086EA00A413C0;
			productRefGroup = CCFF33CA280086EA00A413C0 /* Products */;
			projectDirPath = "";
			projectRoot = "";
			targets = (
				CCFF33C8280086EA00A413C0 /* AnimationaHW */,
			);
		};
/* End PBXProject section */

/* Begin PBXResourcesBuildPhase section */
		CCFF33C7280086EA00A413C0 /* Resources */ = {
			isa = PBXResourcesBuildPhase;
			buildActionMask = 2147483647;
			files = (
				CCFF33E328009FFC00A413C0 /* CardViewController.xib in Resources */,
				CCFF33D9280086EF00A413C0 /* LaunchScreen.storyboard in Resources */,
				CCFF33D6280086EF00A413C0 /* Assets.xcassets in Resources */,
				CCFF33D4280086EA00A413C0 /* Main.storyboard in Resources */,
			);
			runOnlyForDeploymentPostprocessing = 0;
		};
/* End PBXResourcesBuildPhase section */

/* Begin PBXSourcesBuildPhase section */
		CCFF33C5280086EA00A413C0 /* Sources */ = {
			isa = PBXSourcesBuildPhase;
			buildActionMask = 2147483647;
			files = (
				CCFF33E228009FFC00A413C0 /* CardViewController.swift in Sources */,
				CCFF33D1280086EA00A413C0 /* ViewController.swift in Sources */,
				CCFF33CD280086EA00A413C0 /* AppDelegate.swift in Sources */,
				CCFF33CF280086EA00A413C0 /* SceneDelegate.swift in Sources */,
			);
			runOnlyForDeploymentPostprocessing = 0;
		};
/* End PBXSourcesBuildPhase section */

/* Begin PBXVariantGroup section */
		CCFF33D2280086EA00A413C0 /* Main.storyboard */ = {
			isa = PBXVariantGroup;
			children = (
				CCFF33D3280086EA00A413C0 /* Base */,
			);
			name = Main.storyboard;
			sourceTree = "<group>";
		};
		CCFF33D7280086EF00A413C0 /* LaunchScreen.storyboard */ = {
			isa = PBXVariantGroup;
			children = (
				CCFF33D8280086EF00A413C0 /* Base */,
			);
			name = LaunchScreen.storyboard;
			sourceTree = "<group>";
		};
/* End PBXVariantGroup section */

/* Begin XCBuildConfiguration section */
		CCFF33DB280086EF00A413C0 /* Debug */ = {
			isa = XCBuildConfiguration;
			buildSettings = {
				ALWAYS_SEARCH_USER_PATHS = NO;
				CLANG_ANALYZER_NONNULL = YES;
				CLANG_ANALYZER_NUMBER_OBJECT_CONVERSION = YES_AGGRESSIVE;
				CLANG_CXX_LANGUAGE_STANDARD = "gnu++17";
				CLANG_CXX_LIBRARY = "libc++";
				CLANG_ENABLE_MODULES = YES;
				CLANG_ENABLE_OBJC_ARC = YES;
				CLANG_ENABLE_OBJC_WEAK = YES;
				CLANG_WARN_BLOCK_CAPTURE_AUTORELEASING = YES;
				CLANG_WARN_BOOL_CONVERSION = YES;
				CLANG_WARN_COMMA = YES;
				CLANG_WARN_CONSTANT_CONVERSION = YES;
				CLANG_WARN_DEPRECATED_OBJC_IMPLEMENTATIONS = YES;
				CLANG_WARN_DIRECT_OBJC_ISA_USAGE = YES_ERROR;
				CLANG_WARN_DOCUMENTATION_COMMENTS = YES;
				CLANG_WARN_EMPTY_BODY = YES;
				CLANG_WARN_ENUM_CONVERSION = YES;
				CLANG_WARN_INFINITE_RECURSION = YES;
				CLANG_WARN_INT_CONVERSION = YES;
				CLANG_WARN_NON_LITERAL_NULL_CONVERSION = YES;
				CLANG_WARN_OBJC_IMPLICIT_RETAIN_SELF = YES;
				CLANG_WARN_OBJC_LITERAL_CONVERSION = YES;
				CLANG_WARN_OBJC_ROOT_CLASS = YES_ERROR;
				CLANG_WARN_QUOTED_INCLUDE_IN_FRAMEWORK_HEADER = YES;
				CLANG_WARN_RANGE_LOOP_ANALYSIS = YES;
				CLANG_WARN_STRICT_PROTOTYPES = YES;
				CLANG_WARN_SUSPICIOUS_MOVE = YES;
				CLANG_WARN_UNGUARDED_AVAILABILITY = YES_AGGRESSIVE;
				CLANG_WARN_UNREACHABLE_CODE = YES;
				CLANG_WARN__DUPLICATE_METHOD_MATCH = YES;
				COPY_PHASE_STRIP = NO;
				DEBUG_INFORMATION_FORMAT = dwarf;
				ENABLE_STRICT_OBJC_MSGSEND = YES;
				ENABLE_TESTABILITY = YES;
				GCC_C_LANGUAGE_STANDARD = gnu11;
				GCC_DYNAMIC_NO_PIC = NO;
				GCC_NO_COMMON_BLOCKS = YES;
				GCC_OPTIMIZATION_LEVEL = 0;
				GCC_PREPROCESSOR_DEFINITIONS = (
					"DEBUG=1",
					"$(inherited)",
				);
				GCC_WARN_64_TO_32_BIT_CONVERSION = YES;
				GCC_WARN_ABOUT_RETURN_TYPE = YES_ERROR;
				GCC_WARN_UNDECLARED_SELECTOR = YES;
				GCC_WARN_UNINITIALIZED_AUTOS = YES_AGGRESSIVE;
				GCC_WARN_UNUSED_FUNCTION = YES;
				GCC_WARN_UNUSED_VARIABLE = YES;
				IPHONEOS_DEPLOYMENT_TARGET = 15.2;
				MTL_ENABLE_DEBUG_INFO = INCLUDE_SOURCE;
				MTL_FAST_MATH = YES;
				ONLY_ACTIVE_ARCH = YES;
				SDKROOT = iphoneos;
				SWIFT_ACTIVE_COMPILATION_CONDITIONS = DEBUG;
				SWIFT_OPTIMIZATION_LEVEL = "-Onone";
			};
			name = Debug;
		};
		CCFF33DC280086EF00A413C0 /* Release */ = {
			isa = XCBuildConfiguration;
			buildSettings = {
				ALWAYS_SEARCH_USER_PATHS = NO;
				CLANG_ANALYZER_NONNULL = YES;
				CLANG_ANALYZER_NUMBER_OBJECT_CONVERSION = YES_AGGRESSIVE;
				CLANG_CXX_LANGUAGE_STANDARD = "gnu++17";
				CLANG_CXX_LIBRARY = "libc++";
				CLANG_ENABLE_MODULES = YES;
				CLANG_ENABLE_OBJC_ARC = YES;
				CLANG_ENABLE_OBJC_WEAK = YES;
				CLANG_WARN_BLOCK_CAPTURE_AUTORELEASING = YES;
				CLANG_WARN_BOOL_CONVERSION = YES;
				CLANG_WARN_COMMA = YES;
				CLANG_WARN_CONSTANT_CONVERSION = YES;
				CLANG_WARN_DEPRECATED_OBJC_IMPLEMENTATIONS = YES;
				CLANG_WARN_DIRECT_OBJC_ISA_USAGE = YES_ERROR;
				CLANG_WARN_DOCUMENTATION_COMMENTS = YES;
				CLANG_WARN_EMPTY_BODY = YES;
				CLANG_WARN_ENUM_CONVERSION = YES;
				CLANG_WARN_INFINITE_RECURSION = YES;
				CLANG_WARN_INT_CONVERSION = YES;
				CLANG_WARN_NON_LITERAL_NULL_CONVERSION = YES;
				CLANG_WARN_OBJC_IMPLICIT_RETAIN_SELF = YES;
				CLANG_WARN_OBJC_LITERAL_CONVERSION = YES;
				CLANG_WARN_OBJC_ROOT_CLASS = YES_ERROR;
				CLANG_WARN_QUOTED_INCLUDE_IN_FRAMEWORK_HEADER = YES;
				CLANG_WARN_RANGE_LOOP_ANALYSIS = YES;
				CLANG_WARN_STRICT_PROTOTYPES = YES;
				CLANG_WARN_SUSPICIOUS_MOVE = YES;
				CLANG_WARN_UNGUARDED_AVAILABILITY = YES_AGGRESSIVE;
				CLANG_WARN_UNREACHABLE_CODE = YES;
				CLANG_WARN__DUPLICATE_METHOD_MATCH = YES;
				COPY_PHASE_STRIP = NO;
				DEBUG_INFORMATION_FORMAT = "dwarf-with-dsym";
				ENABLE_NS_ASSERTIONS = NO;
				ENABLE_STRICT_OBJC_MSGSEND = YES;
				GCC_C_LANGUAGE_STANDARD = gnu11;
				GCC_NO_COMMON_BLOCKS = YES;
				GCC_WARN_64_TO_32_BIT_CONVERSION = YES;
				GCC_WARN_ABOUT_RETURN_TYPE = YES_ERROR;
				GCC_WARN_UNDECLARED_SELECTOR = YES;
				GCC_WARN_UNINITIALIZED_AUTOS = YES_AGGRESSIVE;
				GCC_WARN_UNUSED_FUNCTION = YES;
				GCC_WARN_UNUSED_VARIABLE = YES;
				IPHONEOS_DEPLOYMENT_TARGET = 15.2;
				MTL_ENABLE_DEBUG_INFO = NO;
				MTL_FAST_MATH = YES;
				SDKROOT = iphoneos;
				SWIFT_COMPILATION_MODE = wholemodule;
				SWIFT_OPTIMIZATION_LEVEL = "-O";
				VALIDATE_PRODUCT = YES;
			};
			name = Release;
		};
		CCFF33DE280086EF00A413C0 /* Debug */ = {
			isa = XCBuildConfiguration;
			buildSettings = {
				ASSETCATALOG_COMPILER_APPICON_NAME = AppIcon;
				ASSETCATALOG_COMPILER_GLOBAL_ACCENT_COLOR_NAME = AccentColor;
				CODE_SIGN_STYLE = Automatic;
				CURRENT_PROJECT_VERSION = 1;
				DEVELOPMENT_TEAM = RWX2Q25537;
				GENERATE_INFOPLIST_FILE = YES;
				INFOPLIST_FILE = AnimationaHW/Info.plist;
				INFOPLIST_KEY_UIApplicationSupportsIndirectInputEvents = YES;
				INFOPLIST_KEY_UILaunchStoryboardName = LaunchScreen;
				INFOPLIST_KEY_UIMainStoryboardFile = Main;
				INFOPLIST_KEY_UISupportedInterfaceOrientations_iPad = "UIInterfaceOrientationPortrait UIInterfaceOrientationPortraitUpsideDown UIInterfaceOrientationLandscapeLeft UIInterfaceOrientationLandscapeRight";
				INFOPLIST_KEY_UISupportedInterfaceOrientations_iPhone = "UIInterfaceOrientationPortrait UIInterfaceOrientationLandscapeLeft UIInterfaceOrientationLandscapeRight";
				LD_RUNPATH_SEARCH_PATHS = (
					"$(inherited)",
					"@executable_path/Frameworks",
				);
				MARKETING_VERSION = 1.0;
				PRODUCT_BUNDLE_IDENTIFIER = ru.itis.AnimationaHW;
				PRODUCT_NAME = "$(TARGET_NAME)";
				SWIFT_EMIT_LOC_STRINGS = YES;
				SWIFT_VERSION = 5.0;
				TARGETED_DEVICE_FAMILY = "1,2";
			};
			name = Debug;
		};
		CCFF33DF280086EF00A413C0 /* Release */ = {
			isa = XCBuildConfiguration;
			buildSettings = {
				ASSETCATALOG_COMPILER_APPICON_NAME = AppIcon;
				ASSETCATALOG_COMPILER_GLOBAL_ACCENT_COLOR_NAME = AccentColor;
				CODE_SIGN_STYLE = Automatic;
				CURRENT_PROJECT_VERSION = 1;
				DEVELOPMENT_TEAM = RWX2Q25537;
				GENERATE_INFOPLIST_FILE = YES;
				INFOPLIST_FILE = AnimationaHW/Info.plist;
				INFOPLIST_KEY_UIApplicationSupportsIndirectInputEvents = YES;
				INFOPLIST_KEY_UILaunchStoryboardName = LaunchScreen;
				INFOPLIST_KEY_UIMainStoryboardFile = Main;
				INFOPLIST_KEY_UISupportedInterfaceOrientations_iPad = "UIInterfaceOrientationPortrait UIInterfaceOrientationPortraitUpsideDown UIInterfaceOrientationLandscapeLeft UIInterfaceOrientationLandscapeRight";
				INFOPLIST_KEY_UISupportedInterfaceOrientations_iPhone = "UIInterfaceOrientationPortrait UIInterfaceOrientationLandscapeLeft UIInterfaceOrientationLandscapeRight";
				LD_RUNPATH_SEARCH_PATHS = (
					"$(inherited)",
					"@executable_path/Frameworks",
				);
				MARKETING_VERSION = 1.0;
				PRODUCT_BUNDLE_IDENTIFIER = ru.itis.AnimationaHW;
				PRODUCT_NAME = "$(TARGET_NAME)";
				SWIFT_EMIT_LOC_STRINGS = YES;
				SWIFT_VERSION = 5.0;
				TARGETED_DEVICE_FAMILY = "1,2";
			};
			name = Release;
		};
/* End XCBuildConfiguration section */

/* Begin XCConfigurationList section */
		CCFF33C4280086EA00A413C0 /* Build configuration list for PBXProject "AnimationaHW" */ = {
			isa = XCConfigurationList;
			buildConfigurations = (
				CCFF33DB280086EF00A413C0 /* Debug */,
				CCFF33DC280086EF00A413C0 /* Release */,
			);
			defaultConfigurationIsVisible = 0;
			defaultConfigurationName = Release;
		};
		CCFF33DD280086EF00A413C0 /* Build configuration list for PBXNativeTarget "AnimationaHW" */ = {
			isa = XCConfigurationList;
			buildConfigurations = (
				CCFF33DE280086EF00A413C0 /* Debug */,
				CCFF33DF280086EF00A413C0 /* Release */,
			);
			defaultConfigurationIsVisible = 0;
			defaultConfigurationName = Release;
		};
/* End XCConfigurationList section */
	};
	rootObject = CCFF33C1280086EA00A413C0 /* Project object */;
}
